
Microsoft Visual Studio Solution File, Format Version 12.00
# Visual Studio Version 16
VisualStudioVersion = 16.0.30717.126
MinimumVisualStudioVersion = 10.0.40219.1
Project("{FAE04EC0-301F-11D3-BF4B-00C04F79EFBC}") = "WishlistApplication", "WishlistApplication\WishlistApplication.csproj", "{6EFC3782-DF7D-41F6-867F-5F6E6BEDFEDA}"
EndProject
Global
	GlobalSection(SolutionConfigurationPlatforms) = preSolution
		Debug|Any CPU = Debug|Any CPU
		Release|Any CPU = Release|Any CPU
	EndGlobalSection
	GlobalSection(ProjectConfigurationPlatforms) = postSolution
		{6EFC3782-DF7D-41F6-867F-5F6E6BEDFEDA}.Debug|Any CPU.ActiveCfg = Debug|Any CPU
		{6EFC3782-DF7D-41F6-867F-5F6E6BEDFEDA}.Debug|Any CPU.Build.0 = Debug|Any CPU
		{6EFC3782-DF7D-41F6-867F-5F6E6BEDFEDA}.Release|Any CPU.ActiveCfg = Release|Any CPU
		{6EFC3782-DF7D-41F6-867F-5F6E6BEDFEDA}.Release|Any CPU.Build.0 = Release|Any CPU
	EndGlobalSection
	GlobalSection(SolutionProperties) = preSolution
		HideSolutionNode = FALSE
	EndGlobalSection
	GlobalSection(ExtensibilityGlobals) = postSolution
		SolutionGuid = {4F305D49-C1D8-4FBE-8056-12E92DE54297}
	EndGlobalSection
EndGlobal
